
Microsoft Visual Studio Solution File, Format Version 12.00
# Visual Studio Version 17
VisualStudioVersion = 17.13.35818.85 d17.13
MinimumVisualStudioVersion = 10.0.40219.1
Project("{FAE04EC0-301F-11D3-BF4B-00C04F79EFBC}") = "Mod4_InvTrack", "Mod4_InvTrack\Mod4_InvTrack.csproj", "{544FF3DA-2AE0-42BE-A52F-87B4A97FE90D}"
EndProject
Global
	GlobalSection(SolutionConfigurationPlatforms) = preSolution
		Debug|Any CPU = Debug|Any CPU
		Release|Any CPU = Release|Any CPU
	EndGlobalSection
	GlobalSection(ProjectConfigurationPlatforms) = postSolution
		{544FF3DA-2AE0-42BE-A52F-87B4A97FE90D}.Debug|Any CPU.ActiveCfg = Debug|Any CPU
		{544FF3DA-2AE0-42BE-A52F-87B4A97FE90D}.Debug|Any CPU.Build.0 = Debug|Any CPU
		{544FF3DA-2AE0-42BE-A52F-87B4A97FE90D}.Release|Any CPU.ActiveCfg = Release|Any CPU
		{544FF3DA-2AE0-42BE-A52F-87B4A97FE90D}.Release|Any CPU.Build.0 = Release|Any CPU
	EndGlobalSection
	GlobalSection(SolutionProperties) = preSolution
		HideSolutionNode = FALSE
	EndGlobalSection
	GlobalSection(ExtensibilityGlobals) = postSolution
		SolutionGuid = {243E7444-81D3-4821-B7B8-926BA36DBD70}
	EndGlobalSection
EndGlobal
